<Solution>
  <Folder Name="/src/">
    <Project Path="src/Monitor.Application/Monitor.Application.csproj" />
    <Project Path="src/Monitor.Domain/Monitor.Domain.csproj" />
    <Project Path="src/Monitor.Infrastructure/Monitor.Infrastructure.csproj" />
    <Project Path="src/Monitor.Worker/Monitor.Worker.csproj" />
  </Folder>
  <Folder Name="/src/Monitor.API/">
    <Project Path="src/Monitor.API/Monitor.Api.csproj" />
  </Folder>
</Solution>
