Microsoft Visual Studio Solution File, Format Version 12.00
# Visual Studio Version 17
VisualStudioVersion = 17.5.2.0
MinimumVisualStudioVersion = 10.0.40219.1
Project("{FAE04EC0-301F-11D3-BF4B-00C04F79EFBC}") = "Monitor.Worker", "Monitor.Worker.csproj", "{423FF285-A732-75BF-B84A-41155A7AFC7B}"
EndProject
Global
	GlobalSection(SolutionConfigurationPlatforms) = preSolution
		Debug|Any CPU = Debug|Any CPU
		Release|Any CPU = Release|Any CPU
	EndGlobalSection
	GlobalSection(ProjectConfigurationPlatforms) = postSolution
		{423FF285-A732-75BF-B84A-41155A7AFC7B}.Debug|Any CPU.ActiveCfg = Debug|Any CPU
		{423FF285-A732-75BF-B84A-41155A7AFC7B}.Debug|Any CPU.Build.0 = Debug|Any CPU
		{423FF285-A732-75BF-B84A-41155A7AFC7B}.Release|Any CPU.ActiveCfg = Release|Any CPU
		{423FF285-A732-75BF-B84A-41155A7AFC7B}.Release|Any CPU.Build.0 = Release|Any CPU
	EndGlobalSection
	GlobalSection(SolutionProperties) = preSolution
		HideSolutionNode = FALSE
	EndGlobalSection
	GlobalSection(ExtensibilityGlobals) = postSolution
		SolutionGuid = {7DC72DEF-3233-4685-8E8A-24DC9CE14B5F}
	EndGlobalSection
EndGlobal
